
Microsoft Visual Studio Solution File, Format Version 12.00
# Visual Studio Version 17
VisualStudioVersion = 17.1.32210.238
MinimumVisualStudioVersion = 10.0.40219.1
Project("{9A19103F-16F7-4668-BE54-9A1E7A4F7556}") = "MGL7760POC.Web", "Web\MGL7760POC.Web\MGL7760POC.Web.csproj", "{E0D2856D-E34F-46F8-BA10-A6565205EFD2}"
EndProject
Project("{2150E333-8FDC-42A3-9474-1A3956D46DE8}") = "Web", "Web", "{1F0C333A-516A-4C4A-830B-42433C1808ED}"
EndProject
Project("{2150E333-8FDC-42A3-9474-1A3956D46DE8}") = "Abstraction", "Abstraction", "{41C401B4-935D-42B8-BC8E-1E664057D728}"
EndProject
Project("{2150E333-8FDC-42A3-9474-1A3956D46DE8}") = "Implementation", "Implementation", "{523D5F5C-DB54-43E0-8E80-4FBBE23DAB9D}"
EndProject
Project("{2150E333-8FDC-42A3-9474-1A3956D46DE8}") = "Tests", "Tests", "{9B883E24-AE25-4C3A-B0B8-AE65CCF313A6}"
EndProject
Project("{2150E333-8FDC-42A3-9474-1A3956D46DE8}") = "Repositories", "Repositories", "{8C180242-587D-4FCB-829F-09E529E4896F}"
EndProject
Project("{2150E333-8FDC-42A3-9474-1A3956D46DE8}") = "Services", "Services", "{5B148C5A-A1B9-4711-80B7-3E965E638EAF}"
EndProject
Project("{2150E333-8FDC-42A3-9474-1A3956D46DE8}") = "Repositories", "Repositories", "{6AD68516-A75C-4F36-840C-2A7A65E3372F}"
EndProject
Project("{2150E333-8FDC-42A3-9474-1A3956D46DE8}") = "Services", "Services", "{9E714AFD-CF3C-4E5D-8B30-1B8C7D683BDB}"
EndProject
Project("{9A19103F-16F7-4668-BE54-9A1E7A4F7556}") = "MGL7760POC.Abstraction.Repositories", "Abstraction\Repositories\MGL7760POC.Abstraction.Repositories\MGL7760POC.Abstraction.Repositories.csproj", "{70AD2C28-3CF3-49A9-8901-FE191D068D14}"
EndProject
Project("{FAE04EC0-301F-11D3-BF4B-00C04F79EFBC}") = "MGL7760POC.Abstraction.Services", "Abstraction\Services\MGL7760POC.Abstraction.Services\MGL7760POC.Abstraction.Services.csproj", "{B1DAB8CB-F2A6-4DDD-B5A9-7031F8B54859}"
EndProject
Project("{FAE04EC0-301F-11D3-BF4B-00C04F79EFBC}") = "MGL7760POC.Implementation.Repositories", "Implementation\Repositories\MGL7760POC.Implementation.Repositories\MGL7760POC.Implementation.Repositories.csproj", "{A30778D5-3164-4584-BA80-0C49C3B48EFD}"
EndProject
Project("{FAE04EC0-301F-11D3-BF4B-00C04F79EFBC}") = "MGL7760POC.Implementation.Services", "Implementation\Services\MGL7760POC.Implementation.Services\MGL7760POC.Implementation.Services.csproj", "{7F66E633-B13A-47E3-BC77-A7E328A80E49}"
EndProject
Project("{FAE04EC0-301F-11D3-BF4B-00C04F79EFBC}") = "MGL7760POC.Implementation.Tests", "Tests\MGL7760POC.Implementation.Tests\MGL7760POC.Implementation.Tests.csproj", "{82AD3E6F-E95F-4B83-A98B-61FA46D208C1}"
EndProject
Global
	GlobalSection(SolutionConfigurationPlatforms) = preSolution
		Debug|Any CPU = Debug|Any CPU
		Release|Any CPU = Release|Any CPU
	EndGlobalSection
	GlobalSection(ProjectConfigurationPlatforms) = postSolution
		{E0D2856D-E34F-46F8-BA10-A6565205EFD2}.Debug|Any CPU.ActiveCfg = Debug|Any CPU
		{E0D2856D-E34F-46F8-BA10-A6565205EFD2}.Debug|Any CPU.Build.0 = Debug|Any CPU
		{E0D2856D-E34F-46F8-BA10-A6565205EFD2}.Release|Any CPU.ActiveCfg = Release|Any CPU
		{E0D2856D-E34F-46F8-BA10-A6565205EFD2}.Release|Any CPU.Build.0 = Release|Any CPU
		{70AD2C28-3CF3-49A9-8901-FE191D068D14}.Debug|Any CPU.ActiveCfg = Debug|Any CPU
		{70AD2C28-3CF3-49A9-8901-FE191D068D14}.Debug|Any CPU.Build.0 = Debug|Any CPU
		{70AD2C28-3CF3-49A9-8901-FE191D068D14}.Release|Any CPU.ActiveCfg = Release|Any CPU
		{70AD2C28-3CF3-49A9-8901-FE191D068D14}.Release|Any CPU.Build.0 = Release|Any CPU
		{B1DAB8CB-F2A6-4DDD-B5A9-7031F8B54859}.Debug|Any CPU.ActiveCfg = Debug|Any CPU
		{B1DAB8CB-F2A6-4DDD-B5A9-7031F8B54859}.Debug|Any CPU.Build.0 = Debug|Any CPU
		{B1DAB8CB-F2A6-4DDD-B5A9-7031F8B54859}.Release|Any CPU.ActiveCfg = Release|Any CPU
		{B1DAB8CB-F2A6-4DDD-B5A9-7031F8B54859}.Release|Any CPU.Build.0 = Release|Any CPU
		{A30778D5-3164-4584-BA80-0C49C3B48EFD}.Debug|Any CPU.ActiveCfg = Debug|Any CPU
		{A30778D5-3164-4584-BA80-0C49C3B48EFD}.Debug|Any CPU.Build.0 = Debug|Any CPU
		{A30778D5-3164-4584-BA80-0C49C3B48EFD}.Release|Any CPU.ActiveCfg = Release|Any CPU
		{A30778D5-3164-4584-BA80-0C49C3B48EFD}.Release|Any CPU.Build.0 = Release|Any CPU
		{7F66E633-B13A-47E3-BC77-A7E328A80E49}.Debug|Any CPU.ActiveCfg = Debug|Any CPU
		{7F66E633-B13A-47E3-BC77-A7E328A80E49}.Debug|Any CPU.Build.0 = Debug|Any CPU
		{7F66E633-B13A-47E3-BC77-A7E328A80E49}.Release|Any CPU.ActiveCfg = Release|Any CPU
		{7F66E633-B13A-47E3-BC77-A7E328A80E49}.Release|Any CPU.Build.0 = Release|Any CPU
		{82AD3E6F-E95F-4B83-A98B-61FA46D208C1}.Debug|Any CPU.ActiveCfg = Debug|Any CPU
		{82AD3E6F-E95F-4B83-A98B-61FA46D208C1}.Debug|Any CPU.Build.0 = Debug|Any CPU
		{82AD3E6F-E95F-4B83-A98B-61FA46D208C1}.Release|Any CPU.ActiveCfg = Release|Any CPU
		{82AD3E6F-E95F-4B83-A98B-61FA46D208C1}.Release|Any CPU.Build.0 = Release|Any CPU
	EndGlobalSection
	GlobalSection(SolutionProperties) = preSolution
		HideSolutionNode = FALSE
	EndGlobalSection
	GlobalSection(NestedProjects) = preSolution
		{E0D2856D-E34F-46F8-BA10-A6565205EFD2} = {1F0C333A-516A-4C4A-830B-42433C1808ED}
		{8C180242-587D-4FCB-829F-09E529E4896F} = {41C401B4-935D-42B8-BC8E-1E664057D728}
		{5B148C5A-A1B9-4711-80B7-3E965E638EAF} = {41C401B4-935D-42B8-BC8E-1E664057D728}
		{6AD68516-A75C-4F36-840C-2A7A65E3372F} = {523D5F5C-DB54-43E0-8E80-4FBBE23DAB9D}
		{9E714AFD-CF3C-4E5D-8B30-1B8C7D683BDB} = {523D5F5C-DB54-43E0-8E80-4FBBE23DAB9D}
		{70AD2C28-3CF3-49A9-8901-FE191D068D14} = {8C180242-587D-4FCB-829F-09E529E4896F}
		{B1DAB8CB-F2A6-4DDD-B5A9-7031F8B54859} = {5B148C5A-A1B9-4711-80B7-3E965E638EAF}
		{A30778D5-3164-4584-BA80-0C49C3B48EFD} = {6AD68516-A75C-4F36-840C-2A7A65E3372F}
		{7F66E633-B13A-47E3-BC77-A7E328A80E49} = {9E714AFD-CF3C-4E5D-8B30-1B8C7D683BDB}
		{82AD3E6F-E95F-4B83-A98B-61FA46D208C1} = {9B883E24-AE25-4C3A-B0B8-AE65CCF313A6}
	EndGlobalSection
	GlobalSection(ExtensibilityGlobals) = postSolution
		SolutionGuid = {FED7071F-624F-4E5B-8DC9-D20BF91E8A17}
	EndGlobalSection
EndGlobal
